
Microsoft Visual Studio Solution File, Format Version 11.00
# Visual Studio 2010
Project("{FAE04EC0-301F-11D3-BF4B-00C04F79EFBC}") = "MPLSMS", "MPLSMS\MPLSMS.csproj", "{6717E8CA-12F6-4C67-8948-B15D318BEF16}"
EndProject
Project("{54435603-DBB4-11D2-8724-00A0C9A8B90C}") = "MPLSMS_SETUP", "MPLSMS_SETUP\MPLSMS_SETUP.vdproj", "{956705FF-0B9B-4051-91BA-5D1424CCD5D1}"
EndProject
Global
	GlobalSection(SolutionConfigurationPlatforms) = preSolution
		Debug|x86 = Debug|x86
		Release|x86 = Release|x86
	EndGlobalSection
	GlobalSection(ProjectConfigurationPlatforms) = postSolution
		{6717E8CA-12F6-4C67-8948-B15D318BEF16}.Debug|x86.ActiveCfg = Debug|x86
		{6717E8CA-12F6-4C67-8948-B15D318BEF16}.Debug|x86.Build.0 = Debug|x86
		{6717E8CA-12F6-4C67-8948-B15D318BEF16}.Release|x86.ActiveCfg = Release|x86
		{6717E8CA-12F6-4C67-8948-B15D318BEF16}.Release|x86.Build.0 = Release|x86
		{956705FF-0B9B-4051-91BA-5D1424CCD5D1}.Debug|x86.ActiveCfg = Debug
		{956705FF-0B9B-4051-91BA-5D1424CCD5D1}.Release|x86.ActiveCfg = Release
	EndGlobalSection
	GlobalSection(SolutionProperties) = preSolution
		HideSolutionNode = FALSE
	EndGlobalSection
EndGlobal
